
Microsoft Visual Studio Solution File, Format Version 11.00
# Visual Studio 2010
Project("{FAE04EC0-301F-11D3-BF4B-00C04F79EFBC}") = "Assembly-CSharp", "Assembly-CSharp.csproj", "{64DE4488-BDC7-868C-A360-60E8D6823A65}"
EndProject
Project("{FAE04EC0-301F-11D3-BF4B-00C04F79EFBC}") = "Assembly-CSharp-Editor", "Assembly-CSharp-Editor.csproj", "{BB075669-666B-74C9-3155-5DFADCC06341}"
EndProject
Global
	GlobalSection(SolutionConfigurationPlatforms) = preSolution
		Debug|Any CPU = Debug|Any CPU
		Release|Any CPU = Release|Any CPU
	EndGlobalSection
	GlobalSection(ProjectConfigurationPlatforms) = postSolution
		{64DE4488-BDC7-868C-A360-60E8D6823A65}.Debug|Any CPU.ActiveCfg = Debug|Any CPU
		{64DE4488-BDC7-868C-A360-60E8D6823A65}.Debug|Any CPU.Build.0 = Debug|Any CPU
		{64DE4488-BDC7-868C-A360-60E8D6823A65}.Release|Any CPU.ActiveCfg = Release|Any CPU
		{64DE4488-BDC7-868C-A360-60E8D6823A65}.Release|Any CPU.Build.0 = Release|Any CPU
		{BB075669-666B-74C9-3155-5DFADCC06341}.Debug|Any CPU.ActiveCfg = Debug|Any CPU
		{BB075669-666B-74C9-3155-5DFADCC06341}.Debug|Any CPU.Build.0 = Debug|Any CPU
		{BB075669-666B-74C9-3155-5DFADCC06341}.Release|Any CPU.ActiveCfg = Release|Any CPU
		{BB075669-666B-74C9-3155-5DFADCC06341}.Release|Any CPU.Build.0 = Release|Any CPU
	EndGlobalSection
	GlobalSection(SolutionProperties) = preSolution
		HideSolutionNode = FALSE
	EndGlobalSection
EndGlobal
